
Microsoft Visual Studio Solution File, Format Version 12.00
# Visual Studio 15
VisualStudioVersion = 15.0.28307.902
MinimumVisualStudioVersion = 10.0.40219.1
Project("{8BC9CEB8-8B4A-11D0-8D11-00A0C91BC942}") = "20191231 - 01", "20191231 - 01\20191231 - 01.vcxproj", "{CF869B86-65E0-4E15-9DD0-4492D6E54C43}"
EndProject
Global
	GlobalSection(SolutionConfigurationPlatforms) = preSolution
		Debug|x64 = Debug|x64
		Debug|x86 = Debug|x86
		Release|x64 = Release|x64
		Release|x86 = Release|x86
	EndGlobalSection
	GlobalSection(ProjectConfigurationPlatforms) = postSolution
		{CF869B86-65E0-4E15-9DD0-4492D6E54C43}.Debug|x64.ActiveCfg = Debug|x64
		{CF869B86-65E0-4E15-9DD0-4492D6E54C43}.Debug|x64.Build.0 = Debug|x64
		{CF869B86-65E0-4E15-9DD0-4492D6E54C43}.Debug|x86.ActiveCfg = Debug|Win32
		{CF869B86-65E0-4E15-9DD0-4492D6E54C43}.Debug|x86.Build.0 = Debug|Win32
		{CF869B86-65E0-4E15-9DD0-4492D6E54C43}.Release|x64.ActiveCfg = Release|x64
		{CF869B86-65E0-4E15-9DD0-4492D6E54C43}.Release|x64.Build.0 = Release|x64
		{CF869B86-65E0-4E15-9DD0-4492D6E54C43}.Release|x86.ActiveCfg = Release|Win32
		{CF869B86-65E0-4E15-9DD0-4492D6E54C43}.Release|x86.Build.0 = Release|Win32
	EndGlobalSection
	GlobalSection(SolutionProperties) = preSolution
		HideSolutionNode = FALSE
	EndGlobalSection
	GlobalSection(ExtensibilityGlobals) = postSolution
		SolutionGuid = {3D7E50A1-89FB-47AD-BC8B-BFBFAF750CC9}
	EndGlobalSection
EndGlobal
