
Microsoft Visual Studio Solution File, Format Version 12.00
# Visual Studio 15
VisualStudioVersion = 15.0.28307.902
MinimumVisualStudioVersion = 10.0.40219.1
Project("{8BC9CEB8-8B4A-11D0-8D11-00A0C91BC942}") = "20191206-2", "20191206-2\20191206-2.vcxproj", "{24017BA9-B94E-4FAD-9A7F-7ACC45170DE1}"
EndProject
Global
	GlobalSection(SolutionConfigurationPlatforms) = preSolution
		Debug|x64 = Debug|x64
		Debug|x86 = Debug|x86
		Release|x64 = Release|x64
		Release|x86 = Release|x86
	EndGlobalSection
	GlobalSection(ProjectConfigurationPlatforms) = postSolution
		{24017BA9-B94E-4FAD-9A7F-7ACC45170DE1}.Debug|x64.ActiveCfg = Debug|x64
		{24017BA9-B94E-4FAD-9A7F-7ACC45170DE1}.Debug|x64.Build.0 = Debug|x64
		{24017BA9-B94E-4FAD-9A7F-7ACC45170DE1}.Debug|x86.ActiveCfg = Debug|Win32
		{24017BA9-B94E-4FAD-9A7F-7ACC45170DE1}.Debug|x86.Build.0 = Debug|Win32
		{24017BA9-B94E-4FAD-9A7F-7ACC45170DE1}.Release|x64.ActiveCfg = Release|x64
		{24017BA9-B94E-4FAD-9A7F-7ACC45170DE1}.Release|x64.Build.0 = Release|x64
		{24017BA9-B94E-4FAD-9A7F-7ACC45170DE1}.Release|x86.ActiveCfg = Release|Win32
		{24017BA9-B94E-4FAD-9A7F-7ACC45170DE1}.Release|x86.Build.0 = Release|Win32
	EndGlobalSection
	GlobalSection(SolutionProperties) = preSolution
		HideSolutionNode = FALSE
	EndGlobalSection
	GlobalSection(ExtensibilityGlobals) = postSolution
		SolutionGuid = {22932A14-453F-4204-BA74-8C938BCC160F}
	EndGlobalSection
EndGlobal
