
Microsoft Visual Studio Solution File, Format Version 12.00
# Visual Studio 15
VisualStudioVersion = 15.0.28307.902
MinimumVisualStudioVersion = 10.0.40219.1
Project("{8BC9CEB8-8B4A-11D0-8D11-00A0C91BC942}") = "20191213 - 02", "20191213 - 02\20191213 - 02.vcxproj", "{E38E00D6-006B-4FF8-8CFA-89B36954B955}"
EndProject
Global
	GlobalSection(SolutionConfigurationPlatforms) = preSolution
		Debug|x64 = Debug|x64
		Debug|x86 = Debug|x86
		Release|x64 = Release|x64
		Release|x86 = Release|x86
	EndGlobalSection
	GlobalSection(ProjectConfigurationPlatforms) = postSolution
		{E38E00D6-006B-4FF8-8CFA-89B36954B955}.Debug|x64.ActiveCfg = Debug|x64
		{E38E00D6-006B-4FF8-8CFA-89B36954B955}.Debug|x64.Build.0 = Debug|x64
		{E38E00D6-006B-4FF8-8CFA-89B36954B955}.Debug|x86.ActiveCfg = Debug|Win32
		{E38E00D6-006B-4FF8-8CFA-89B36954B955}.Debug|x86.Build.0 = Debug|Win32
		{E38E00D6-006B-4FF8-8CFA-89B36954B955}.Release|x64.ActiveCfg = Release|x64
		{E38E00D6-006B-4FF8-8CFA-89B36954B955}.Release|x64.Build.0 = Release|x64
		{E38E00D6-006B-4FF8-8CFA-89B36954B955}.Release|x86.ActiveCfg = Release|Win32
		{E38E00D6-006B-4FF8-8CFA-89B36954B955}.Release|x86.Build.0 = Release|Win32
	EndGlobalSection
	GlobalSection(SolutionProperties) = preSolution
		HideSolutionNode = FALSE
	EndGlobalSection
	GlobalSection(ExtensibilityGlobals) = postSolution
		SolutionGuid = {0F4FDF2C-446D-47AF-84DD-EAA05FC5FF16}
	EndGlobalSection
EndGlobal
